{
  "originHash" : "0e0eb0d8079f97216a4f457b0502d734baacf8ede276aa59a064f2ff57ec390b",
  "pins" : [
    {
      "identity" : "console",
      "kind" : "remoteSourceControl",
      "location" : "https://github.com/LuizZak/Console.git",
      "state" : {
        "revision" : "2b86864d767d2c05573cd404903d63fb0612fe74",
        "version" : "0.12.1"
      }
    },
    {
      "identity" : "swift-syntax",
      "kind" : "remoteSourceControl",
      "location" : "https://github.com/apple/swift-syntax.git",
      "state" : {
        "revision" : "08a2f0a9a30e0f705f79c9cfaca1f68b71bdc775",
        "version" : "510.0.0"
      }
    }
  ],
  "version" : 3
}
