{
  "originHash" : "8848a257109bf35d5b474a8514abd48fe84e7e1d6c781a5d34579b63cd21aabf",
  "pins" : [
    {
      "identity" : "console",
      "kind" : "remoteSourceControl",
      "location" : "https://github.com/LuizZak/Console.git",
      "state" : {
        "revision" : "9f4946929b7aac54ecc642c3ef15ec4fc05618a0",
        "version" : "0.14.1"
      }
    },
    {
      "identity" : "minidigraph",
      "kind" : "remoteSourceControl",
      "location" : "https://github.com/LuizZak/MiniDigraph.git",
      "state" : {
        "revision" : "188262a9aaafa42d4d51b369f804edbd57901130",
        "version" : "0.8.0"
      }
    },
    {
      "identity" : "swift-argument-parser",
      "kind" : "remoteSourceControl",
      "location" : "https://github.com/apple/swift-argument-parser.git",
      "state" : {
        "revision" : "0fbc8848e389af3bb55c182bc19ca9d5dc2f255b",
        "version" : "1.4.0"
      }
    },
    {
      "identity" : "swift-syntax",
      "kind" : "remoteSourceControl",
      "location" : "https://github.com/apple/swift-syntax.git",
      "state" : {
        "revision" : "cb53fa1bd3219b0b23ded7dfdd3b2baff266fd25",
        "version" : "600.0.0"
      }
    }
  ],
  "version" : 3
}
