{
  "originHash" : "f7682c93a2ff21e52efba438393327eebfa72f045608efeca8c20060d4347124",
  "pins" : [
    {
      "identity" : "console",
      "kind" : "remoteSourceControl",
      "location" : "https://github.com/LuizZak/Console.git",
      "state" : {
        "revision" : "9f4946929b7aac54ecc642c3ef15ec4fc05618a0",
        "version" : "0.14.1"
      }
    },
    {
      "identity" : "minidigraph",
      "kind" : "remoteSourceControl",
      "location" : "https://github.com/LuizZak/MiniDigraph.git",
      "state" : {
        "revision" : "188262a9aaafa42d4d51b369f804edbd57901130",
        "version" : "0.8.0"
      }
    },
    {
      "identity" : "minigraphviz",
      "kind" : "remoteSourceControl",
      "location" : "https://github.com/LuizZak/MiniGraphviz.git",
      "state" : {
        "revision" : "aa15c50cf8027dae6dde860a40987c238070d849",
        "version" : "0.1.0"
      }
    },
    {
      "identity" : "minilexer",
      "kind" : "remoteSourceControl",
      "location" : "https://github.com/LuizZak/MiniLexer.git",
      "state" : {
        "revision" : "71cc272f4613d1e45e1eacab33fa2f77c6311007",
        "version" : "0.10.0"
      }
    },
    {
      "identity" : "swift-argument-parser",
      "kind" : "remoteSourceControl",
      "location" : "https://github.com/apple/swift-argument-parser.git",
      "state" : {
        "revision" : "0fbc8848e389af3bb55c182bc19ca9d5dc2f255b",
        "version" : "1.4.0"
      }
    },
    {
      "identity" : "swift-syntax",
      "kind" : "remoteSourceControl",
      "location" : "https://github.com/apple/swift-syntax.git",
      "state" : {
        "revision" : "cb53fa1bd3219b0b23ded7dfdd3b2baff266fd25",
        "version" : "600.0.0"
      }
    },
    {
      "identity" : "swiftast",
      "kind" : "remoteSourceControl",
      "location" : "https://github.com/LuizZak/SwiftAST.git",
      "state" : {
        "revision" : "75eb69c009d213b58a34a43bc164054c8d52c73a",
        "version" : "0.14.0"
      }
    }
  ],
  "version" : 3
}
